// !$*UTF8*$!
{
	archiveVersion = 1;
	classes = {
	};
	objectVersion = 50;
	objects = {

/* Begin PBXBuildFile section */
		98C49D8F20F6846F0054F01F /* AppDelegate.m in Sources */ = {isa = PBXBuildFile; fileRef = 98C49D8E20F6846F0054F01F /* AppDelegate.m */; };
		98C49D9520F6846F0054F01F /* Main.storyboard in Resources */ = {isa = PBXBuildFile; fileRef = 98C49D9320F6846F0054F01F /* Main.storyboard */; };
		98C49D9720F684700054F01F /* Assets.xcassets in Resources */ = {isa = PBXBuildFile; fileRef = 98C49D9620F684700054F01F /* Assets.xcassets */; };
		98C49D9A20F684700054F01F /* LaunchScreen.storyboard in Resources */ = {isa = PBXBuildFile; fileRef = 98C49D9820F684700054F01F /* LaunchScreen.storyboard */; };
		98C49D9D20F684700054F01F /* main.m in Sources */ = {isa = PBXBuildFile; fileRef = 98C49D9C20F684700054F01F /* main.m */; };
		98C49DA720F684700054F01F /* Scrollable3Tests.m in Sources */ = {isa = PBXBuildFile; fileRef = 98C49DA620F684700054F01F /* Scrollable3Tests.m */; };
		98C49DB220F684700054F01F /* Scrollable3UITests.m in Sources */ = {isa = PBXBuildFile; fileRef = 98C49DB120F684700054F01F /* Scrollable3UITests.m */; };
		98C49DC420F6855B0054F01F /* CollectionViewController.m in Sources */ = {isa = PBXBuildFile; fileRef = 98C49DC320F6855B0054F01F /* CollectionViewController.m */; };
		98C49DC720F686E40054F01F /* CollectionViewCell.m in Sources */ = {isa = PBXBuildFile; fileRef = 98C49DC620F686E40054F01F /* CollectionViewCell.m */; };
		98C49DCA20F6A76A0054F01F /* CustomCollectionViewLayout.m in Sources */ = {isa = PBXBuildFile; fileRef = 98C49DC920F6A76A0054F01F /* CustomCollectionViewLayout.m */; };
/* End PBXBuildFile section */

/* Begin PBXContainerItemProxy section */
		98C49DA320F684700054F01F /* PBXContainerItemProxy */ = {
			isa = PBXContainerItemProxy;
			containerPortal = 98C49D8220F6846F0054F01F /* Project object */;
			proxyType = 1;
			remoteGlobalIDString = 98C49D8920F6846F0054F01F;
			remoteInfo = Scrollable3;
		};
		98C49DAE20F684700054F01F /* PBXContainerItemProxy */ = {
			isa = PBXContainerItemProxy;
			containerPortal = 98C49D8220F6846F0054F01F /* Project object */;
			proxyType = 1;
			remoteGlobalIDString = 98C49D8920F6846F0054F01F;
			remoteInfo = Scrollable3;
		};
/* End PBXContainerItemProxy section */

/* Begin PBXFileReference section */
		98C49D8A20F6846F0054F01F /* Scrollable3.app */ = {isa = PBXFileReference; explicitFileType = wrapper.application; includeInIndex = 0; path = Scrollable3.app; sourceTree = BUILT_PRODUCTS_DIR; };
		98C49D8D20F6846F0054F01F /* AppDelegate.h */ = {isa = PBXFileReference; lastKnownFileType = sourcecode.c.h; path = AppDelegate.h; sourceTree = "<group>"; };
		98C49D8E20F6846F0054F01F /* AppDelegate.m */ = {isa = PBXFileReference; lastKnownFileType = sourcecode.c.objc; path = AppDelegate.m; sourceTree = "<group>"; };
		98C49D9420F6846F0054F01F /* Base */ = {isa = PBXFileReference; lastKnownFileType = file.storyboard; name = Base; path = Base.lproj/Main.storyboard; sourceTree = "<group>"; };
		98C49D9620F684700054F01F /* Assets.xcassets */ = {isa = PBXFileReference; lastKnownFileType = folder.assetcatalog; path = Assets.xcassets; sourceTree = "<group>"; };
		98C49D9920F684700054F01F /* Base */ = {isa = PBXFileReference; lastKnownFileType = file.storyboard; name = Base; path = Base.lproj/LaunchScreen.storyboard; sourceTree = "<group>"; };
		98C49D9B20F684700054F01F /* Info.plist */ = {isa = PBXFileReference; lastKnownFileType = text.plist.xml; path = Info.plist; sourceTree = "<group>"; };
		98C49D9C20F684700054F01F /* main.m */ = {isa = PBXFileReference; lastKnownFileType = sourcecode.c.objc; path = main.m; sourceTree = "<group>"; };
		98C49DA220F684700054F01F /* Scrollable3Tests.xctest */ = {isa = PBXFileReference; explicitFileType = wrapper.cfbundle; includeInIndex = 0; path = Scrollable3Tests.xctest; sourceTree = BUILT_PRODUCTS_DIR; };
		98C49DA620F684700054F01F /* Scrollable3Tests.m */ = {isa = PBXFileReference; lastKnownFileType = sourcecode.c.objc; path = Scrollable3Tests.m; sourceTree = "<group>"; };
		98C49DA820F684700054F01F /* Info.plist */ = {isa = PBXFileReference; lastKnownFileType = text.plist.xml; path = Info.plist; sourceTree = "<group>"; };
		98C49DAD20F684700054F01F /* Scrollable3UITests.xctest */ = {isa = PBXFileReference; explicitFileType = wrapper.cfbundle; includeInIndex = 0; path = Scrollable3UITests.xctest; sourceTree = BUILT_PRODUCTS_DIR; };
		98C49DB120F684700054F01F /* Scrollable3UITests.m */ = {isa = PBXFileReference; lastKnownFileType = sourcecode.c.objc; path = Scrollable3UITests.m; sourceTree = "<group>"; };
		98C49DB320F684700054F01F /* Info.plist */ = {isa = PBXFileReference; lastKnownFileType = text.plist.xml; path = Info.plist; sourceTree = "<group>"; };
		98C49DC220F6855B0054F01F /* CollectionViewController.h */ = {isa = PBXFileReference; lastKnownFileType = sourcecode.c.h; path = CollectionViewController.h; sourceTree = "<group>"; };
		98C49DC320F6855B0054F01F /* CollectionViewController.m */ = {isa = PBXFileReference; lastKnownFileType = sourcecode.c.objc; path = CollectionViewController.m; sourceTree = "<group>"; };
		98C49DC520F686E40054F01F /* CollectionViewCell.h */ = {isa = PBXFileReference; lastKnownFileType = sourcecode.c.h; path = CollectionViewCell.h; sourceTree = "<group>"; };
		98C49DC620F686E40054F01F /* CollectionViewCell.m */ = {isa = PBXFileReference; lastKnownFileType = sourcecode.c.objc; path = CollectionViewCell.m; sourceTree = "<group>"; };
		98C49DC820F6A76A0054F01F /* CustomCollectionViewLayout.h */ = {isa = PBXFileReference; lastKnownFileType = sourcecode.c.h; path = CustomCollectionViewLayout.h; sourceTree = "<group>"; };
		98C49DC920F6A76A0054F01F /* CustomCollectionViewLayout.m */ = {isa = PBXFileReference; lastKnownFileType = sourcecode.c.objc; path = CustomCollectionViewLayout.m; sourceTree = "<group>"; };
/* End PBXFileReference section */

/* Begin PBXFrameworksBuildPhase section */
		98C49D8720F6846F0054F01F /* Frameworks */ = {
			isa = PBXFrameworksBuildPhase;
			buildActionMask = 2147483647;
			files = (
			);
			runOnlyForDeploymentPostprocessing = 0;
		};
		98C49D9F20F684700054F01F /* Frameworks */ = {
			isa = PBXFrameworksBuildPhase;
			buildActionMask = 2147483647;
			files = (
			);
			runOnlyForDeploymentPostprocessing = 0;
		};
		98C49DAA20F684700054F01F /* Frameworks */ = {
			isa = PBXFrameworksBuildPhase;
			buildActionMask = 2147483647;
			files = (
			);
			runOnlyForDeploymentPostprocessing = 0;
		};
/* End PBXFrameworksBuildPhase section */

/* Begin PBXGroup section */
		98C49D8120F6846F0054F01F = {
			isa = PBXGroup;
			children = (
				98C49D8C20F6846F0054F01F /* Scrollable3 */,
				98C49DA520F684700054F01F /* Scrollable3Tests */,
				98C49DB020F684700054F01F /* Scrollable3UITests */,
				98C49D8B20F6846F0054F01F /* Products */,
			);
			sourceTree = "<group>";
		};
		98C49D8B20F6846F0054F01F /* Products */ = {
			isa = PBXGroup;
			children = (
				98C49D8A20F6846F0054F01F /* Scrollable3.app */,
				98C49DA220F684700054F01F /* Scrollable3Tests.xctest */,
				98C49DAD20F684700054F01F /* Scrollable3UITests.xctest */,
			);
			name = Products;
			sourceTree = "<group>";
		};
		98C49D8C20F6846F0054F01F /* Scrollable3 */ = {
			isa = PBXGroup;
			children = (
				98C49DC220F6855B0054F01F /* CollectionViewController.h */,
				98C49DC320F6855B0054F01F /* CollectionViewController.m */,
				98C49DC820F6A76A0054F01F /* CustomCollectionViewLayout.h */,
				98C49DC920F6A76A0054F01F /* CustomCollectionViewLayout.m */,
				98C49D8D20F6846F0054F01F /* AppDelegate.h */,
				98C49D8E20F6846F0054F01F /* AppDelegate.m */,
				98C49D9320F6846F0054F01F /* Main.storyboard */,
				98C49DC520F686E40054F01F /* CollectionViewCell.h */,
				98C49DC620F686E40054F01F /* CollectionViewCell.m */,
				98C49D9620F684700054F01F /* Assets.xcassets */,
				98C49D9820F684700054F01F /* LaunchScreen.storyboard */,
				98C49D9B20F684700054F01F /* Info.plist */,
				98C49D9C20F684700054F01F /* main.m */,
			);
			path = Scrollable3;
			sourceTree = "<group>";
		};
		98C49DA520F684700054F01F /* Scrollable3Tests */ = {
			isa = PBXGroup;
			children = (
				98C49DA620F684700054F01F /* Scrollable3Tests.m */,
				98C49DA820F684700054F01F /* Info.plist */,
			);
			path = Scrollable3Tests;
			sourceTree = "<group>";
		};
		98C49DB020F684700054F01F /* Scrollable3UITests */ = {
			isa = PBXGroup;
			children = (
				98C49DB120F684700054F01F /* Scrollable3UITests.m */,
				98C49DB320F684700054F01F /* Info.plist */,
			);
			path = Scrollable3UITests;
			sourceTree = "<group>";
		};
/* End PBXGroup section */

/* Begin PBXNativeTarget section */
		98C49D8920F6846F0054F01F /* Scrollable3 */ = {
			isa = PBXNativeTarget;
			buildConfigurationList = 98C49DB620F684700054F01F /* Build configuration list for PBXNativeTarget "Scrollable3" */;
			buildPhases = (
				98C49D8620F6846F0054F01F /* Sources */,
				98C49D8720F6846F0054F01F /* Frameworks */,
				98C49D8820F6846F0054F01F /* Resources */,
			);
			buildRules = (
			);
			dependencies = (
			);
			name = Scrollable3;
			productName = Scrollable3;
			productReference = 98C49D8A20F6846F0054F01F /* Scrollable3.app */;
			productType = "com.apple.product-type.application";
		};
		98C49DA120F684700054F01F /* Scrollable3Tests */ = {
			isa = PBXNativeTarget;
			buildConfigurationList = 98C49DB920F684700054F01F /* Build configuration list for PBXNativeTarget "Scrollable3Tests" */;
			buildPhases = (
				98C49D9E20F684700054F01F /* Sources */,
				98C49D9F20F684700054F01F /* Frameworks */,
				98C49DA020F684700054F01F /* Resources */,
			);
			buildRules = (
			);
			dependencies = (
				98C49DA420F684700054F01F /* PBXTargetDependency */,
			);
			name = Scrollable3Tests;
			productName = Scrollable3Tests;
			productReference = 98C49DA220F684700054F01F /* Scrollable3Tests.xctest */;
			productType = "com.apple.product-type.bundle.unit-test";
		};
		98C49DAC20F684700054F01F /* Scrollable3UITests */ = {
			isa = PBXNativeTarget;
			buildConfigurationList = 98C49DBC20F684700054F01F /* Build configuration list for PBXNativeTarget "Scrollable3UITests" */;
			buildPhases = (
				98C49DA920F684700054F01F /* Sources */,
				98C49DAA20F684700054F01F /* Frameworks */,
				98C49DAB20F684700054F01F /* Resources */,
			);
			buildRules = (
			);
			dependencies = (
				98C49DAF20F684700054F01F /* PBXTargetDependency */,
			);
			name = Scrollable3UITests;
			productName = Scrollable3UITests;
			productReference = 98C49DAD20F684700054F01F /* Scrollable3UITests.xctest */;
			productType = "com.apple.product-type.bundle.ui-testing";
		};
/* End PBXNativeTarget section */

/* Begin PBXProject section */
		98C49D8220F6846F0054F01F /* Project object */ = {
			isa = PBXProject;
			attributes = {
				LastUpgradeCheck = 0940;
				ORGANIZATIONNAME = "Emily Chen";
				TargetAttributes = {
					98C49D8920F6846F0054F01F = {
						CreatedOnToolsVersion = 9.4.1;
					};
					98C49DA120F684700054F01F = {
						CreatedOnToolsVersion = 9.4.1;
						TestTargetID = 98C49D8920F6846F0054F01F;
					};
					98C49DAC20F684700054F01F = {
						CreatedOnToolsVersion = 9.4.1;
						TestTargetID = 98C49D8920F6846F0054F01F;
					};
				};
			};
			buildConfigurationList = 98C49D8520F6846F0054F01F /* Build configuration list for PBXProject "Scrollable3" */;
			compatibilityVersion = "Xcode 9.3";
			developmentRegion = en;
			hasScannedForEncodings = 0;
			knownRegions = (
				en,
				Base,
			);
			mainGroup = 98C49D8120F6846F0054F01F;
			productRefGroup = 98C49D8B20F6846F0054F01F /* Products */;
			projectDirPath = "";
			projectRoot = "";
			targets = (
				98C49D8920F6846F0054F01F /* Scrollable3 */,
				98C49DA120F684700054F01F /* Scrollable3Tests */,
				98C49DAC20F684700054F01F /* Scrollable3UITests */,
			);
		};
/* End PBXProject section */

/* Begin PBXResourcesBuildPhase section */
		98C49D8820F6846F0054F01F /* Resources */ = {
			isa = PBXResourcesBuildPhase;
			buildActionMask = 2147483647;
			files = (
				98C49D9A20F684700054F01F /* LaunchScreen.storyboard in Resources */,
				98C49D9720F684700054F01F /* Assets.xcassets in Resources */,
				98C49D9520F6846F0054F01F /* Main.storyboard in Resources */,
			);
			runOnlyForDeploymentPostprocessing = 0;
		};
		98C49DA020F684700054F01F /* Resources */ = {
			isa = PBXResourcesBuildPhase;
			buildActionMask = 2147483647;
			files = (
			);
			runOnlyForDeploymentPostprocessing = 0;
		};
		98C49DAB20F684700054F01F /* Resources */ = {
			isa = PBXResourcesBuildPhase;
			buildActionMask = 2147483647;
			files = (
			);
			runOnlyForDeploymentPostprocessing = 0;
		};
/* End PBXResourcesBuildPhase section */

/* Begin PBXSourcesBuildPhase section */
		98C49D8620F6846F0054F01F /* Sources */ = {
			isa = PBXSourcesBuildPhase;
			buildActionMask = 2147483647;
			files = (
				98C49D9D20F684700054F01F /* main.m in Sources */,
				98C49D8F20F6846F0054F01F /* AppDelegate.m in Sources */,
				98C49DCA20F6A76A0054F01F /* CustomCollectionViewLayout.m in Sources */,
				98C49DC720F686E40054F01F /* CollectionViewCell.m in Sources */,
				98C49DC420F6855B0054F01F /* CollectionViewController.m in Sources */,
			);
			runOnlyForDeploymentPostprocessing = 0;
		};
		98C49D9E20F684700054F01F /* Sources */ = {
			isa = PBXSourcesBuildPhase;
			buildActionMask = 2147483647;
			files = (
				98C49DA720F684700054F01F /* Scrollable3Tests.m in Sources */,
			);
			runOnlyForDeploymentPostprocessing = 0;
		};
		98C49DA920F684700054F01F /* Sources */ = {
			isa = PBXSourcesBuildPhase;
			buildActionMask = 2147483647;
			files = (
				98C49DB220F684700054F01F /* Scrollable3UITests.m in Sources */,
			);
			runOnlyForDeploymentPostprocessing = 0;
		};
/* End PBXSourcesBuildPhase section */

/* Begin PBXTargetDependency section */
		98C49DA420F684700054F01F /* PBXTargetDependency */ = {
			isa = PBXTargetDependency;
			target = 98C49D8920F6846F0054F01F /* Scrollable3 */;
			targetProxy = 98C49DA320F684700054F01F /* PBXContainerItemProxy */;
		};
		98C49DAF20F684700054F01F /* PBXTargetDependency */ = {
			isa = PBXTargetDependency;
			target = 98C49D8920F6846F0054F01F /* Scrollable3 */;
			targetProxy = 98C49DAE20F684700054F01F /* PBXContainerItemProxy */;
		};
/* End PBXTargetDependency section */

/* Begin PBXVariantGroup section */
		98C49D9320F6846F0054F01F /* Main.storyboard */ = {
			isa = PBXVariantGroup;
			children = (
				98C49D9420F6846F0054F01F /* Base */,
			);
			name = Main.storyboard;
			sourceTree = "<group>";
		};
		98C49D9820F684700054F01F /* LaunchScreen.storyboard */ = {
			isa = PBXVariantGroup;
			children = (
				98C49D9920F684700054F01F /* Base */,
			);
			name = LaunchScreen.storyboard;
			sourceTree = "<group>";
		};
/* End PBXVariantGroup section */

/* Begin XCBuildConfiguration section */
		98C49DB420F684700054F01F /* Debug */ = {
			isa = XCBuildConfiguration;
			buildSettings = {
				ALWAYS_SEARCH_USER_PATHS = NO;
				CLANG_ANALYZER_NONNULL = YES;
				CLANG_ANALYZER_NUMBER_OBJECT_CONVERSION = YES_AGGRESSIVE;
				CLANG_CXX_LANGUAGE_STANDARD = "gnu++14";
				CLANG_CXX_LIBRARY = "libc++";
				CLANG_ENABLE_MODULES = YES;
				CLANG_ENABLE_OBJC_ARC = YES;
				CLANG_ENABLE_OBJC_WEAK = YES;
				CLANG_WARN_BLOCK_CAPTURE_AUTORELEASING = YES;
				CLANG_WARN_BOOL_CONVERSION = YES;
				CLANG_WARN_COMMA = YES;
				CLANG_WARN_CONSTANT_CONVERSION = YES;
				CLANG_WARN_DEPRECATED_OBJC_IMPLEMENTATIONS = YES;
				CLANG_WARN_DIRECT_OBJC_ISA_USAGE = YES_ERROR;
				CLANG_WARN_DOCUMENTATION_COMMENTS = YES;
				CLANG_WARN_EMPTY_BODY = YES;
				CLANG_WARN_ENUM_CONVERSION = YES;
				CLANG_WARN_INFINITE_RECURSION = YES;
				CLANG_WARN_INT_CONVERSION = YES;
				CLANG_WARN_NON_LITERAL_NULL_CONVERSION = YES;
				CLANG_WARN_OBJC_IMPLICIT_RETAIN_SELF = YES;
				CLANG_WARN_OBJC_LITERAL_CONVERSION = YES;
				CLANG_WARN_OBJC_ROOT_CLASS = YES_ERROR;
				CLANG_WARN_RANGE_LOOP_ANALYSIS = YES;
				CLANG_WARN_STRICT_PROTOTYPES = YES;
				CLANG_WARN_SUSPICIOUS_MOVE = YES;
				CLANG_WARN_UNGUARDED_AVAILABILITY = YES_AGGRESSIVE;
				CLANG_WARN_UNREACHABLE_CODE = YES;
				CLANG_WARN__DUPLICATE_METHOD_MATCH = YES;
				CODE_SIGN_IDENTITY = "iPhone Developer";
				COPY_PHASE_STRIP = NO;
				DEBUG_INFORMATION_FORMAT = dwarf;
				ENABLE_STRICT_OBJC_MSGSEND = YES;
				ENABLE_TESTABILITY = YES;
				GCC_C_LANGUAGE_STANDARD = gnu11;
				GCC_DYNAMIC_NO_PIC = NO;
				GCC_NO_COMMON_BLOCKS = YES;
				GCC_OPTIMIZATION_LEVEL = 0;
				GCC_PREPROCESSOR_DEFINITIONS = (
					"DEBUG=1",
					"$(inherited)",
				);
				GCC_WARN_64_TO_32_BIT_CONVERSION = YES;
				GCC_WARN_ABOUT_RETURN_TYPE = YES_ERROR;
				GCC_WARN_UNDECLARED_SELECTOR = YES;
				GCC_WARN_UNINITIALIZED_AUTOS = YES_AGGRESSIVE;
				GCC_WARN_UNUSED_FUNCTION = YES;
				GCC_WARN_UNUSED_VARIABLE = YES;
				IPHONEOS_DEPLOYMENT_TARGET = 11.4;
				MTL_ENABLE_DEBUG_INFO = YES;
				ONLY_ACTIVE_ARCH = YES;
				SDKROOT = iphoneos;
			};
			name = Debug;
		};
		98C49DB520F684700054F01F /* Release */ = {
			isa = XCBuildConfiguration;
			buildSettings = {
				ALWAYS_SEARCH_USER_PATHS = NO;
				CLANG_ANALYZER_NONNULL = YES;
				CLANG_ANALYZER_NUMBER_OBJECT_CONVERSION = YES_AGGRESSIVE;
				CLANG_CXX_LANGUAGE_STANDARD = "gnu++14";
				CLANG_CXX_LIBRARY = "libc++";
				CLANG_ENABLE_MODULES = YES;
				CLANG_ENABLE_OBJC_ARC = YES;
				CLANG_ENABLE_OBJC_WEAK = YES;
				CLANG_WARN_BLOCK_CAPTURE_AUTORELEASING = YES;
				CLANG_WARN_BOOL_CONVERSION = YES;
				CLANG_WARN_COMMA = YES;
				CLANG_WARN_CONSTANT_CONVERSION = YES;
				CLANG_WARN_DEPRECATED_OBJC_IMPLEMENTATIONS = YES;
				CLANG_WARN_DIRECT_OBJC_ISA_USAGE = YES_ERROR;
				CLANG_WARN_DOCUMENTATION_COMMENTS = YES;
				CLANG_WARN_EMPTY_BODY = YES;
				CLANG_WARN_ENUM_CONVERSION = YES;
				CLANG_WARN_INFINITE_RECURSION = YES;
				CLANG_WARN_INT_CONVERSION = YES;
				CLANG_WARN_NON_LITERAL_NULL_CONVERSION = YES;
				CLANG_WARN_OBJC_IMPLICIT_RETAIN_SELF = YES;
				CLANG_WARN_OBJC_LITERAL_CONVERSION = YES;
				CLANG_WARN_OBJC_ROOT_CLASS = YES_ERROR;
				CLANG_WARN_RANGE_LOOP_ANALYSIS = YES;
				CLANG_WARN_STRICT_PROTOTYPES = YES;
				CLANG_WARN_SUSPICIOUS_MOVE = YES;
				CLANG_WARN_UNGUARDED_AVAILABILITY = YES_AGGRESSIVE;
				CLANG_WARN_UNREACHABLE_CODE = YES;
				CLANG_WARN__DUPLICATE_METHOD_MATCH = YES;
				CODE_SIGN_IDENTITY = "iPhone Developer";
				COPY_PHASE_STRIP = NO;
				DEBUG_INFORMATION_FORMAT = "dwarf-with-dsym";
				ENABLE_NS_ASSERTIONS = NO;
				ENABLE_STRICT_OBJC_MSGSEND = YES;
				GCC_C_LANGUAGE_STANDARD = gnu11;
				GCC_NO_COMMON_BLOCKS = YES;
				GCC_WARN_64_TO_32_BIT_CONVERSION = YES;
				GCC_WARN_ABOUT_RETURN_TYPE = YES_ERROR;
				GCC_WARN_UNDECLARED_SELECTOR = YES;
				GCC_WARN_UNINITIALIZED_AUTOS = YES_AGGRESSIVE;
				GCC_WARN_UNUSED_FUNCTION = YES;
				GCC_WARN_UNUSED_VARIABLE = YES;
				IPHONEOS_DEPLOYMENT_TARGET = 11.4;
				MTL_ENABLE_DEBUG_INFO = NO;
				SDKROOT = iphoneos;
				VALIDATE_PRODUCT = YES;
			};
			name = Release;
		};
		98C49DB720F684700054F01F /* Debug */ = {
			isa = XCBuildConfiguration;
			buildSettings = {
				ASSETCATALOG_COMPILER_APPICON_NAME = AppIcon;
				CODE_SIGN_STYLE = Automatic;
				INFOPLIST_FILE = Scrollable3/Info.plist;
				LD_RUNPATH_SEARCH_PATHS = (
					"$(inherited)",
					"@executable_path/Frameworks",
				);
				PRODUCT_BUNDLE_IDENTIFIER = emilycwx.Scrollable3;
				PRODUCT_NAME = "$(TARGET_NAME)";
				TARGETED_DEVICE_FAMILY = "1,2";
			};
			name = Debug;
		};
		98C49DB820F684700054F01F /* Release */ = {
			isa = XCBuildConfiguration;
			buildSettings = {
				ASSETCATALOG_COMPILER_APPICON_NAME = AppIcon;
				CODE_SIGN_STYLE = Automatic;
				INFOPLIST_FILE = Scrollable3/Info.plist;
				LD_RUNPATH_SEARCH_PATHS = (
					"$(inherited)",
					"@executable_path/Frameworks",
				);
				PRODUCT_BUNDLE_IDENTIFIER = emilycwx.Scrollable3;
				PRODUCT_NAME = "$(TARGET_NAME)";
				TARGETED_DEVICE_FAMILY = "1,2";
			};
			name = Release;
		};
		98C49DBA20F684700054F01F /* Debug */ = {
			isa = XCBuildConfiguration;
			buildSettings = {
				BUNDLE_LOADER = "$(TEST_HOST)";
				CODE_SIGN_STYLE = Automatic;
				INFOPLIST_FILE = Scrollable3Tests/Info.plist;
				LD_RUNPATH_SEARCH_PATHS = (
					"$(inherited)",
					"@executable_path/Frameworks",
					"@loader_path/Frameworks",
				);
				PRODUCT_BUNDLE_IDENTIFIER = emilycwx.Scrollable3Tests;
				PRODUCT_NAME = "$(TARGET_NAME)";
				TARGETED_DEVICE_FAMILY = "1,2";
				TEST_HOST = "$(BUILT_PRODUCTS_DIR)/Scrollable3.app/Scrollable3";
			};
			name = Debug;
		};
		98C49DBB20F684700054F01F /* Release */ = {
			isa = XCBuildConfiguration;
			buildSettings = {
				BUNDLE_LOADER = "$(TEST_HOST)";
				CODE_SIGN_STYLE = Automatic;
				INFOPLIST_FILE = Scrollable3Tests/Info.plist;
				LD_RUNPATH_SEARCH_PATHS = (
					"$(inherited)",
					"@executable_path/Frameworks",
					"@loader_path/Frameworks",
				);
				PRODUCT_BUNDLE_IDENTIFIER = emilycwx.Scrollable3Tests;
				PRODUCT_NAME = "$(TARGET_NAME)";
				TARGETED_DEVICE_FAMILY = "1,2";
				TEST_HOST = "$(BUILT_PRODUCTS_DIR)/Scrollable3.app/Scrollable3";
			};
			name = Release;
		};
		98C49DBD20F684700054F01F /* Debug */ = {
			isa = XCBuildConfiguration;
			buildSettings = {
				CODE_SIGN_STYLE = Automatic;
				INFOPLIST_FILE = Scrollable3UITests/Info.plist;
				LD_RUNPATH_SEARCH_PATHS = (
					"$(inherited)",
					"@executable_path/Frameworks",
					"@loader_path/Frameworks",
				);
				PRODUCT_BUNDLE_IDENTIFIER = emilycwx.Scrollable3UITests;
				PRODUCT_NAME = "$(TARGET_NAME)";
				TARGETED_DEVICE_FAMILY = "1,2";
				TEST_TARGET_NAME = Scrollable3;
			};
			name = Debug;
		};
		98C49DBE20F684700054F01F /* Release */ = {
			isa = XCBuildConfiguration;
			buildSettings = {
				CODE_SIGN_STYLE = Automatic;
				INFOPLIST_FILE = Scrollable3UITests/Info.plist;
				LD_RUNPATH_SEARCH_PATHS = (
					"$(inherited)",
					"@executable_path/Frameworks",
					"@loader_path/Frameworks",
				);
				PRODUCT_BUNDLE_IDENTIFIER = emilycwx.Scrollable3UITests;
				PRODUCT_NAME = "$(TARGET_NAME)";
				TARGETED_DEVICE_FAMILY = "1,2";
				TEST_TARGET_NAME = Scrollable3;
			};
			name = Release;
		};
/* End XCBuildConfiguration section */

/* Begin XCConfigurationList section */
		98C49D8520F6846F0054F01F /* Build configuration list for PBXProject "Scrollable3" */ = {
			isa = XCConfigurationList;
			buildConfigurations = (
				98C49DB420F684700054F01F /* Debug */,
				98C49DB520F684700054F01F /* Release */,
			);
			defaultConfigurationIsVisible = 0;
			defaultConfigurationName = Release;
		};
		98C49DB620F684700054F01F /* Build configuration list for PBXNativeTarget "Scrollable3" */ = {
			isa = XCConfigurationList;
			buildConfigurations = (
				98C49DB720F684700054F01F /* Debug */,
				98C49DB820F684700054F01F /* Release */,
			);
			defaultConfigurationIsVisible = 0;
			defaultConfigurationName = Release;
		};
		98C49DB920F684700054F01F /* Build configuration list for PBXNativeTarget "Scrollable3Tests" */ = {
			isa = XCConfigurationList;
			buildConfigurations = (
				98C49DBA20F684700054F01F /* Debug */,
				98C49DBB20F684700054F01F /* Release */,
			);
			defaultConfigurationIsVisible = 0;
			defaultConfigurationName = Release;
		};
		98C49DBC20F684700054F01F /* Build configuration list for PBXNativeTarget "Scrollable3UITests" */ = {
			isa = XCConfigurationList;
			buildConfigurations = (
				98C49DBD20F684700054F01F /* Debug */,
				98C49DBE20F684700054F01F /* Release */,
			);
			defaultConfigurationIsVisible = 0;
			defaultConfigurationName = Release;
		};
/* End XCConfigurationList section */
	};
	rootObject = 98C49D8220F6846F0054F01F /* Project object */;
}
